
Microsoft Visual Studio Solution File, Format Version 12.00
# Visual Studio Version 17
VisualStudioVersion = 17.7.34031.279
MinimumVisualStudioVersion = 10.0.40219.1
Project("{FAE04EC0-301F-11D3-BF4B-00C04F79EFBC}") = "MathPractice", "MathPractice\MathPractice.csproj", "{74BB7FCE-5C36-4FF9-A999-8D54AB19368E}"
EndProject
Global
	GlobalSection(SolutionConfigurationPlatforms) = preSolution
		Debug|Any CPU = Debug|Any CPU
		Release|Any CPU = Release|Any CPU
	EndGlobalSection
	GlobalSection(ProjectConfigurationPlatforms) = postSolution
		{74BB7FCE-5C36-4FF9-A999-8D54AB19368E}.Debug|Any CPU.ActiveCfg = Debug|Any CPU
		{74BB7FCE-5C36-4FF9-A999-8D54AB19368E}.Debug|Any CPU.Build.0 = Debug|Any CPU
		{74BB7FCE-5C36-4FF9-A999-8D54AB19368E}.Release|Any CPU.ActiveCfg = Release|Any CPU
		{74BB7FCE-5C36-4FF9-A999-8D54AB19368E}.Release|Any CPU.Build.0 = Release|Any CPU
	EndGlobalSection
	GlobalSection(SolutionProperties) = preSolution
		HideSolutionNode = FALSE
	EndGlobalSection
	GlobalSection(ExtensibilityGlobals) = postSolution
		SolutionGuid = {8D09D607-16B5-4C00-A36E-ED4471FC3A96}
	EndGlobalSection
EndGlobal
